
Microsoft Visual Studio Solution File, Format Version 12.00
# Visual Studio Version 17
VisualStudioVersion = 17.9.34728.123
MinimumVisualStudioVersion = 10.0.40219.1
Project("{9A19103F-16F7-4668-BE54-9A1E7A4F7556}") = "ZeeKer.DndTracker.Module", "ZeeKer.DndTracker.Module\ZeeKer.DndTracker.Module.csproj", "{F6531D2D-C76D-4761-A099-4C3D6A475807}"
EndProject
Project("{9A19103F-16F7-4668-BE54-9A1E7A4F7556}") = "ZeeKer.DndTracker.Blazor.Server", "ZeeKer.DndTracker.Blazor.Server\ZeeKer.DndTracker.Blazor.Server.csproj", "{E40ECC95-85DD-46DE-A2AE-FC5A83703D2C}"
EndProject
Project("{2150E333-8FDC-42A3-9474-1A3956D46DE8}") = "solution-folder", "solution-folder", "{5FA68D34-BCB6-4439-9342-707DBD212940}"
	ProjectSection(SolutionItems) = preProject
		docker-compose.yml = docker-compose.yml
	EndProjectSection
EndProject
Project("{9A19103F-16F7-4668-BE54-9A1E7A4F7556}") = "ZeeKer.DndTracker.LongStoryShort", "ZeeKer.DndTracker.LongStoryShort\ZeeKer.DndTracker.LongStoryShort.csproj", "{B865B762-BF5D-45BE-9C21-206EB37B9F4F}"
EndProject
Project("{9A19103F-16F7-4668-BE54-9A1E7A4F7556}") = "Zeeker.DndTracker.Win", "Zeeker.DndTracker.Win\Zeeker.DndTracker.Win.csproj", "{7EC8FCCC-6359-47FD-86E3-7D3997CA8F75}"
EndProject
Project("{9A19103F-16F7-4668-BE54-9A1E7A4F7556}") = "Zeeker.DndTracker.Tests", "Zeeker.DndTracker.Tests\Zeeker.DndTracker.Tests.csproj", "{A7452422-02C6-4253-B754-73AC25BE8AE6}"
EndProject
Project("{9A19103F-16F7-4668-BE54-9A1E7A4F7556}") = "Zeeker.DndTracker.Bot.WebApi", "Zeeker.DndTracker.Bot.WebApi\Zeeker.DndTracker.Bot.WebApi.csproj", "{1AE70815-A395-4EB2-8C15-337F135EAC2F}"
EndProject
Project("{9A19103F-16F7-4668-BE54-9A1E7A4F7556}") = "ZeeKer.DndTracker.DndSu", "ZeeKer.DndTracker.DndSu\ZeeKer.DndTracker.DndSu.csproj", "{DE1375EC-9F21-44F1-BB8C-46AB0FB825AB}"
EndProject
Project("{9A19103F-16F7-4668-BE54-9A1E7A4F7556}") = "ZeeKer.DndTracker.Contracts", "ZeeKer.DndTracker.Contracts\ZeeKer.DndTracker.Contracts.csproj", "{919DB8E0-E343-46FD-8018-834B8B43B3FB}"
EndProject
Global
	GlobalSection(SolutionConfigurationPlatforms) = preSolution
		Debug|Any CPU = Debug|Any CPU
		EasyTest|Any CPU = EasyTest|Any CPU
		Release|Any CPU = Release|Any CPU
	EndGlobalSection
	GlobalSection(ProjectConfigurationPlatforms) = postSolution
		{F6531D2D-C76D-4761-A099-4C3D6A475807}.Debug|Any CPU.ActiveCfg = Debug|Any CPU
		{F6531D2D-C76D-4761-A099-4C3D6A475807}.Debug|Any CPU.Build.0 = Debug|Any CPU
		{F6531D2D-C76D-4761-A099-4C3D6A475807}.EasyTest|Any CPU.ActiveCfg = EasyTest|Any CPU
		{F6531D2D-C76D-4761-A099-4C3D6A475807}.EasyTest|Any CPU.Build.0 = EasyTest|Any CPU
		{F6531D2D-C76D-4761-A099-4C3D6A475807}.Release|Any CPU.ActiveCfg = Release|Any CPU
		{F6531D2D-C76D-4761-A099-4C3D6A475807}.Release|Any CPU.Build.0 = Release|Any CPU
		{E40ECC95-85DD-46DE-A2AE-FC5A83703D2C}.Debug|Any CPU.ActiveCfg = Debug|Any CPU
		{E40ECC95-85DD-46DE-A2AE-FC5A83703D2C}.Debug|Any CPU.Build.0 = Debug|Any CPU
		{E40ECC95-85DD-46DE-A2AE-FC5A83703D2C}.EasyTest|Any CPU.ActiveCfg = EasyTest|Any CPU
		{E40ECC95-85DD-46DE-A2AE-FC5A83703D2C}.EasyTest|Any CPU.Build.0 = EasyTest|Any CPU
		{E40ECC95-85DD-46DE-A2AE-FC5A83703D2C}.Release|Any CPU.ActiveCfg = Release|Any CPU
		{E40ECC95-85DD-46DE-A2AE-FC5A83703D2C}.Release|Any CPU.Build.0 = Release|Any CPU
		{B865B762-BF5D-45BE-9C21-206EB37B9F4F}.Debug|Any CPU.ActiveCfg = Debug|Any CPU
		{B865B762-BF5D-45BE-9C21-206EB37B9F4F}.Debug|Any CPU.Build.0 = Debug|Any CPU
		{B865B762-BF5D-45BE-9C21-206EB37B9F4F}.EasyTest|Any CPU.ActiveCfg = Debug|Any CPU
		{B865B762-BF5D-45BE-9C21-206EB37B9F4F}.EasyTest|Any CPU.Build.0 = Debug|Any CPU
		{B865B762-BF5D-45BE-9C21-206EB37B9F4F}.Release|Any CPU.ActiveCfg = Release|Any CPU
		{B865B762-BF5D-45BE-9C21-206EB37B9F4F}.Release|Any CPU.Build.0 = Release|Any CPU
		{7EC8FCCC-6359-47FD-86E3-7D3997CA8F75}.Debug|Any CPU.ActiveCfg = Debug|Any CPU
		{7EC8FCCC-6359-47FD-86E3-7D3997CA8F75}.Debug|Any CPU.Build.0 = Debug|Any CPU
		{7EC8FCCC-6359-47FD-86E3-7D3997CA8F75}.EasyTest|Any CPU.ActiveCfg = EasyTest|Any CPU
		{7EC8FCCC-6359-47FD-86E3-7D3997CA8F75}.EasyTest|Any CPU.Build.0 = EasyTest|Any CPU
		{7EC8FCCC-6359-47FD-86E3-7D3997CA8F75}.Release|Any CPU.ActiveCfg = Release|Any CPU
		{7EC8FCCC-6359-47FD-86E3-7D3997CA8F75}.Release|Any CPU.Build.0 = Release|Any CPU
		{A7452422-02C6-4253-B754-73AC25BE8AE6}.Debug|Any CPU.ActiveCfg = Debug|Any CPU
		{A7452422-02C6-4253-B754-73AC25BE8AE6}.Debug|Any CPU.Build.0 = Debug|Any CPU
		{A7452422-02C6-4253-B754-73AC25BE8AE6}.EasyTest|Any CPU.ActiveCfg = Debug|Any CPU
		{A7452422-02C6-4253-B754-73AC25BE8AE6}.EasyTest|Any CPU.Build.0 = Debug|Any CPU
		{A7452422-02C6-4253-B754-73AC25BE8AE6}.Release|Any CPU.ActiveCfg = Release|Any CPU
		{A7452422-02C6-4253-B754-73AC25BE8AE6}.Release|Any CPU.Build.0 = Release|Any CPU
		{1AE70815-A395-4EB2-8C15-337F135EAC2F}.Debug|Any CPU.ActiveCfg = Debug|Any CPU
		{1AE70815-A395-4EB2-8C15-337F135EAC2F}.Debug|Any CPU.Build.0 = Debug|Any CPU
		{1AE70815-A395-4EB2-8C15-337F135EAC2F}.EasyTest|Any CPU.ActiveCfg = EasyTest|Any CPU
		{1AE70815-A395-4EB2-8C15-337F135EAC2F}.EasyTest|Any CPU.Build.0 = EasyTest|Any CPU
		{1AE70815-A395-4EB2-8C15-337F135EAC2F}.Release|Any CPU.ActiveCfg = Release|Any CPU
		{1AE70815-A395-4EB2-8C15-337F135EAC2F}.Release|Any CPU.Build.0 = Release|Any CPU
		{DE1375EC-9F21-44F1-BB8C-46AB0FB825AB}.Debug|Any CPU.ActiveCfg = Debug|Any CPU
		{DE1375EC-9F21-44F1-BB8C-46AB0FB825AB}.Debug|Any CPU.Build.0 = Debug|Any CPU
		{DE1375EC-9F21-44F1-BB8C-46AB0FB825AB}.EasyTest|Any CPU.ActiveCfg = Debug|Any CPU
		{DE1375EC-9F21-44F1-BB8C-46AB0FB825AB}.EasyTest|Any CPU.Build.0 = Debug|Any CPU
		{DE1375EC-9F21-44F1-BB8C-46AB0FB825AB}.Release|Any CPU.ActiveCfg = Release|Any CPU
		{DE1375EC-9F21-44F1-BB8C-46AB0FB825AB}.Release|Any CPU.Build.0 = Release|Any CPU
		{919DB8E0-E343-46FD-8018-834B8B43B3FB}.Debug|Any CPU.ActiveCfg = Debug|Any CPU
		{919DB8E0-E343-46FD-8018-834B8B43B3FB}.Debug|Any CPU.Build.0 = Debug|Any CPU
		{919DB8E0-E343-46FD-8018-834B8B43B3FB}.EasyTest|Any CPU.ActiveCfg = Debug|Any CPU
		{919DB8E0-E343-46FD-8018-834B8B43B3FB}.EasyTest|Any CPU.Build.0 = Debug|Any CPU
		{919DB8E0-E343-46FD-8018-834B8B43B3FB}.Release|Any CPU.ActiveCfg = Release|Any CPU
		{919DB8E0-E343-46FD-8018-834B8B43B3FB}.Release|Any CPU.Build.0 = Release|Any CPU
	EndGlobalSection
	GlobalSection(SolutionProperties) = preSolution
		HideSolutionNode = FALSE
	EndGlobalSection
	GlobalSection(ExtensibilityGlobals) = postSolution
		SolutionGuid = {17C5DC55-080D-45B1-B38E-2B2EAE2980D7}
	EndGlobalSection
EndGlobal
